{
  "nodes": {
    "flake-utils": {
      "locked": {
        "lastModified": 1680776469,
        "narHash": "sha256-3CXUDK/3q/kieWtdsYpDOBJw3Gw4Af6x+2EiSnIkNQw=",
        "owner": "numtide",
        "repo": "flake-utils",
        "rev": "411e8764155aa9354dbcd6d5faaeb97e9e3dce24",
        "type": "github"
      },
      "original": {
        "owner": "numtide",
        "repo": "flake-utils",
        "type": "github"
      }
    },
    "nixpkgs": {
      "locked": {
        "lastModified": 1694060688,
        "narHash": "sha256-z7GfMwbsxxrqgbph48rBPdqxlSchLiRQ5YX0uQCkCb0=",
        "owner": "NixOS",
        "repo": "nixpkgs",
        "rev": "9cf7c3ac863cca017dd4de65f41e1bdc297fa1fb",
        "type": "github"
      },
      "original": {
        "owner": "NixOS",
        "ref": "release-23.05",
        "repo": "nixpkgs",
        "type": "github"
      }
    },
    "root": {
      "inputs": {
        "flake-utils": "flake-utils",
        "nixpkgs": "nixpkgs"
      }
    }
  },
  "root": "root",
  "version": 7
}
