# This file was autogenerated by Stack.
# You should not edit this file by hand.
# For more information, please see the documentation at:
#   https://docs.haskellstack.org/en/stable/lock_files

packages:
- completed:
    hackage: tomland-1.3.3.2@sha256:0b4a24f8584f636b7799d9044586762967978f9c225392493307617057f0d288,9063
    pantry-tree:
      sha256: 2fd674ad63b03bf97a15d159b460e5cc91f1fbdc87a71a191fff380994c86fba
      size: 6430
  original:
    hackage: tomland-1.3.3.2
- completed:
    hackage: validation-selective-0.1.0.2@sha256:c878846bfffeba69efa3b4866025f249656e0e0a129fed6d446eb602382d328b,3856
    pantry-tree:
      sha256: cf625f9876fb4122bf19ba3d78f480966882c4130c3824765fd04730b32cc719
      size: 696
  original:
    hackage: validation-selective-0.1.0.2
- completed:
    name: sandwich
    pantry-tree:
      sha256: 2a184cda7e15f7be7c1e5adce32a280de35c67c8d4c38dd7dfd25e131a5ba1aa
      size: 5982
    sha256: 59363283dce88689fe5353acadd1c0108f7dba22e301a442ef58db847579ada0
    size: 7615362
    subdir: sandwich
    url: https://github.com/codedownio/sandwich/archive/c8bd19da96b8ecafe99ab783be890f16af5aaff5.tar.gz
    version: 0.1.3.2
  original:
    subdir: sandwich
    url: https://github.com/codedownio/sandwich/archive/c8bd19da96b8ecafe99ab783be890f16af5aaff5.tar.gz
snapshots:
- completed:
    sha256: 14ca51a9a597c32dd7804c10d079feea3d0ae40c5fbbb346cbd67b3ae49f6d01
    size: 649598
    url: https://raw.githubusercontent.com/commercialhaskell/stackage-snapshots/master/lts/20/17.yaml
  original: lts-20.17
